
Microsoft Visual Studio Solution File, Format Version 12.00
Project("{FAE04EC0-301F-11D3-BF4B-00C04F79EFBC}") = "CuarzoTest_Paz", "CuarzoTest_Paz\CuarzoTest_Paz.csproj", "{CE31ACD7-E970-4B07-BB18-F9BF4A858E5D}"
EndProject
Project("{2150E333-8FDC-42A3-9474-1A3956D46DE8}") = "CuarzoTest_Paz.Logic", "CuarzoTest_Paz.Logic", "{A2D3387E-BE9F-4CDF-9D56-2D75A99D9A28}"
EndProject
Project("{FAE04EC0-301F-11D3-BF4B-00C04F79EFBC}") = "BusinessLogic", "Logic\BusinessLogic\BusinessLogic.csproj", "{E0E73E3B-2280-40CE-9FF7-976878FE58CA}"
EndProject
Project("{2150E333-8FDC-42A3-9474-1A3956D46DE8}") = "CuarzoTest_Paz.Web", "CuarzoTest_Paz.Web", "{B25D6721-E5D8-4772-8DE4-A8B203E755A9}"
EndProject
Project("{2150E333-8FDC-42A3-9474-1A3956D46DE8}") = "CuarzoTest_Paz.DataAccess", "CuarzoTest_Paz.DataAccess", "{B236F9ED-F73C-441B-8626-E1C2C868857D}"
EndProject
Project("{FAE04EC0-301F-11D3-BF4B-00C04F79EFBC}") = "DataAccess", "DataAccess\DataAccess.csproj", "{A54BBD9D-948D-4048-84D3-2636F956765D}"
EndProject
Project("{FAE04EC0-301F-11D3-BF4B-00C04F79EFBC}") = "Models", "Models\Models.csproj", "{B4CDE85C-C788-4332-932D-4815ADE50EED}"
EndProject
Global
	GlobalSection(SolutionConfigurationPlatforms) = preSolution
		Debug|Any CPU = Debug|Any CPU
		Release|Any CPU = Release|Any CPU
	EndGlobalSection
	GlobalSection(ProjectConfigurationPlatforms) = postSolution
		{CE31ACD7-E970-4B07-BB18-F9BF4A858E5D}.Debug|Any CPU.ActiveCfg = Debug|Any CPU
		{CE31ACD7-E970-4B07-BB18-F9BF4A858E5D}.Debug|Any CPU.Build.0 = Debug|Any CPU
		{CE31ACD7-E970-4B07-BB18-F9BF4A858E5D}.Release|Any CPU.ActiveCfg = Release|Any CPU
		{CE31ACD7-E970-4B07-BB18-F9BF4A858E5D}.Release|Any CPU.Build.0 = Release|Any CPU
		{E0E73E3B-2280-40CE-9FF7-976878FE58CA}.Debug|Any CPU.ActiveCfg = Debug|Any CPU
		{E0E73E3B-2280-40CE-9FF7-976878FE58CA}.Debug|Any CPU.Build.0 = Debug|Any CPU
		{E0E73E3B-2280-40CE-9FF7-976878FE58CA}.Release|Any CPU.ActiveCfg = Release|Any CPU
		{E0E73E3B-2280-40CE-9FF7-976878FE58CA}.Release|Any CPU.Build.0 = Release|Any CPU
		{A54BBD9D-948D-4048-84D3-2636F956765D}.Debug|Any CPU.ActiveCfg = Debug|Any CPU
		{A54BBD9D-948D-4048-84D3-2636F956765D}.Debug|Any CPU.Build.0 = Debug|Any CPU
		{A54BBD9D-948D-4048-84D3-2636F956765D}.Release|Any CPU.ActiveCfg = Release|Any CPU
		{A54BBD9D-948D-4048-84D3-2636F956765D}.Release|Any CPU.Build.0 = Release|Any CPU
		{B4CDE85C-C788-4332-932D-4815ADE50EED}.Debug|Any CPU.ActiveCfg = Debug|Any CPU
		{B4CDE85C-C788-4332-932D-4815ADE50EED}.Debug|Any CPU.Build.0 = Debug|Any CPU
		{B4CDE85C-C788-4332-932D-4815ADE50EED}.Release|Any CPU.ActiveCfg = Release|Any CPU
		{B4CDE85C-C788-4332-932D-4815ADE50EED}.Release|Any CPU.Build.0 = Release|Any CPU
	EndGlobalSection
	GlobalSection(NestedProjects) = preSolution
		{E0E73E3B-2280-40CE-9FF7-976878FE58CA} = {A2D3387E-BE9F-4CDF-9D56-2D75A99D9A28}
		{A54BBD9D-948D-4048-84D3-2636F956765D} = {B236F9ED-F73C-441B-8626-E1C2C868857D}
		{CE31ACD7-E970-4B07-BB18-F9BF4A858E5D} = {B25D6721-E5D8-4772-8DE4-A8B203E755A9}
		{B4CDE85C-C788-4332-932D-4815ADE50EED} = {B236F9ED-F73C-441B-8626-E1C2C868857D}
	EndGlobalSection
EndGlobal
